
Microsoft Visual Studio Solution File, Format Version 12.00
# Visual Studio Version 16
VisualStudioVersion = 16.0.29102.190
MinimumVisualStudioVersion = 10.0.40219.1
Project("{8BC9CEB8-8B4A-11D0-8D11-00A0C91BC942}") = "RSAKeyGen", "RSAKeyGen\RSAKeyGen.vcxproj", "{A95CE284-1574-4C89-814B-E0E9B73CA4BF}"
EndProject
Global
	GlobalSection(SolutionConfigurationPlatforms) = preSolution
		Debug|x64 = Debug|x64
		Debug|x86 = Debug|x86
		Release|x64 = Release|x64
		Release|x86 = Release|x86
	EndGlobalSection
	GlobalSection(ProjectConfigurationPlatforms) = postSolution
		{A95CE284-1574-4C89-814B-E0E9B73CA4BF}.Debug|x64.ActiveCfg = Debug|x64
		{A95CE284-1574-4C89-814B-E0E9B73CA4BF}.Debug|x64.Build.0 = Debug|x64
		{A95CE284-1574-4C89-814B-E0E9B73CA4BF}.Debug|x86.ActiveCfg = Debug|Win32
		{A95CE284-1574-4C89-814B-E0E9B73CA4BF}.Debug|x86.Build.0 = Debug|Win32
		{A95CE284-1574-4C89-814B-E0E9B73CA4BF}.Release|x64.ActiveCfg = Release|x64
		{A95CE284-1574-4C89-814B-E0E9B73CA4BF}.Release|x64.Build.0 = Release|x64
		{A95CE284-1574-4C89-814B-E0E9B73CA4BF}.Release|x86.ActiveCfg = Release|Win32
		{A95CE284-1574-4C89-814B-E0E9B73CA4BF}.Release|x86.Build.0 = Release|Win32
	EndGlobalSection
	GlobalSection(SolutionProperties) = preSolution
		HideSolutionNode = FALSE
	EndGlobalSection
	GlobalSection(ExtensibilityGlobals) = postSolution
		SolutionGuid = {7E0D29E8-8E8C-4C25-B134-0AA003AABA17}
	EndGlobalSection
EndGlobal
